
Microsoft Visual Studio Solution File, Format Version 12.00
# Visual Studio Version 16
VisualStudioVersion = 16.0.810.9
MinimumVisualStudioVersion = 10.0.40219.1
Project("{FAE04EC0-301F-11D3-BF4B-00C04F79EFBC}") = "BalloonSuite.CustomerExport", "BalloonSuite.CustomerExport.csproj", "{BFB9E671-23CC-44AA-A55D-A47F2B82D800}"
EndProject
Global
	GlobalSection(SolutionConfigurationPlatforms) = preSolution
		Debug|Any CPU = Debug|Any CPU
		Release|Any CPU = Release|Any CPU
	EndGlobalSection
	GlobalSection(ProjectConfigurationPlatforms) = postSolution
		{BFB9E671-23CC-44AA-A55D-A47F2B82D800}.Debug|Any CPU.ActiveCfg = Debug|Any CPU
		{BFB9E671-23CC-44AA-A55D-A47F2B82D800}.Debug|Any CPU.Build.0 = Debug|Any CPU
		{BFB9E671-23CC-44AA-A55D-A47F2B82D800}.Release|Any CPU.ActiveCfg = Release|Any CPU
		{BFB9E671-23CC-44AA-A55D-A47F2B82D800}.Release|Any CPU.Build.0 = Release|Any CPU
	EndGlobalSection
	GlobalSection(SolutionProperties) = preSolution
		HideSolutionNode = FALSE
	EndGlobalSection
	GlobalSection(ExtensibilityGlobals) = postSolution
		SolutionGuid = {9AB38C64-3D34-42AB-AA00-05D318F64B94}
	EndGlobalSection
EndGlobal
